// !$*UTF8*$!
{
	archiveVersion = 1;
	classes = {
	};
	objectVersion = 50;
	objects = {

/* Begin PBXBuildFile section */
		AAF76040246B818E002F6F1D /* AppDelegate.swift in Sources */ = {isa = PBXBuildFile; fileRef = AAF7603F246B818E002F6F1D /* AppDelegate.swift */; };
		AAF76042246B818E002F6F1D /* SceneDelegate.swift in Sources */ = {isa = PBXBuildFile; fileRef = AAF76041246B818E002F6F1D /* SceneDelegate.swift */; };
		AAF76044246B818E002F6F1D /* ViewController.swift in Sources */ = {isa = PBXBuildFile; fileRef = AAF76043246B818E002F6F1D /* ViewController.swift */; };
		AAF76047246B818E002F6F1D /* Main.storyboard in Resources */ = {isa = PBXBuildFile; fileRef = AAF76045246B818E002F6F1D /* Main.storyboard */; };
		AAF76049246B818F002F6F1D /* Assets.xcassets in Resources */ = {isa = PBXBuildFile; fileRef = AAF76048246B818F002F6F1D /* Assets.xcassets */; };
		AAF7604C246B818F002F6F1D /* LaunchScreen.storyboard in Resources */ = {isa = PBXBuildFile; fileRef = AAF7604A246B818F002F6F1D /* LaunchScreen.storyboard */; };
		AAF76057246B818F002F6F1D /* TMComicTests.swift in Sources */ = {isa = PBXBuildFile; fileRef = AAF76056246B818F002F6F1D /* TMComicTests.swift */; };
		AAF76062246B818F002F6F1D /* TMComicUITests.swift in Sources */ = {isa = PBXBuildFile; fileRef = AAF76061246B818F002F6F1D /* TMComicUITests.swift */; };
/* End PBXBuildFile section */

/* Begin PBXContainerItemProxy section */
		AAF76053246B818F002F6F1D /* PBXContainerItemProxy */ = {
			isa = PBXContainerItemProxy;
			containerPortal = AAF76034246B818E002F6F1D /* Project object */;
			proxyType = 1;
			remoteGlobalIDString = AAF7603B246B818E002F6F1D;
			remoteInfo = TMComic;
		};
		AAF7605E246B818F002F6F1D /* PBXContainerItemProxy */ = {
			isa = PBXContainerItemProxy;
			containerPortal = AAF76034246B818E002F6F1D /* Project object */;
			proxyType = 1;
			remoteGlobalIDString = AAF7603B246B818E002F6F1D;
			remoteInfo = TMComic;
		};
/* End PBXContainerItemProxy section */

/* Begin PBXFileReference section */
		AAF7603C246B818E002F6F1D /* TMComic.app */ = {isa = PBXFileReference; explicitFileType = wrapper.application; includeInIndex = 0; path = TMComic.app; sourceTree = BUILT_PRODUCTS_DIR; };
		AAF7603F246B818E002F6F1D /* AppDelegate.swift */ = {isa = PBXFileReference; lastKnownFileType = sourcecode.swift; path = AppDelegate.swift; sourceTree = "<group>"; };
		AAF76041246B818E002F6F1D /* SceneDelegate.swift */ = {isa = PBXFileReference; lastKnownFileType = sourcecode.swift; path = SceneDelegate.swift; sourceTree = "<group>"; };
		AAF76043246B818E002F6F1D /* ViewController.swift */ = {isa = PBXFileReference; lastKnownFileType = sourcecode.swift; path = ViewController.swift; sourceTree = "<group>"; };
		AAF76046246B818E002F6F1D /* Base */ = {isa = PBXFileReference; lastKnownFileType = file.storyboard; name = Base; path = Base.lproj/Main.storyboard; sourceTree = "<group>"; };
		AAF76048246B818F002F6F1D /* Assets.xcassets */ = {isa = PBXFileReference; lastKnownFileType = folder.assetcatalog; path = Assets.xcassets; sourceTree = "<group>"; };
		AAF7604B246B818F002F6F1D /* Base */ = {isa = PBXFileReference; lastKnownFileType = file.storyboard; name = Base; path = Base.lproj/LaunchScreen.storyboard; sourceTree = "<group>"; };
		AAF7604D246B818F002F6F1D /* Info.plist */ = {isa = PBXFileReference; lastKnownFileType = text.plist.xml; path = Info.plist; sourceTree = "<group>"; };
		AAF76052246B818F002F6F1D /* TMComicTests.xctest */ = {isa = PBXFileReference; explicitFileType = wrapper.cfbundle; includeInIndex = 0; path = TMComicTests.xctest; sourceTree = BUILT_PRODUCTS_DIR; };
		AAF76056246B818F002F6F1D /* TMComicTests.swift */ = {isa = PBXFileReference; lastKnownFileType = sourcecode.swift; path = TMComicTests.swift; sourceTree = "<group>"; };
		AAF76058246B818F002F6F1D /* Info.plist */ = {isa = PBXFileReference; lastKnownFileType = text.plist.xml; path = Info.plist; sourceTree = "<group>"; };
		AAF7605D246B818F002F6F1D /* TMComicUITests.xctest */ = {isa = PBXFileReference; explicitFileType = wrapper.cfbundle; includeInIndex = 0; path = TMComicUITests.xctest; sourceTree = BUILT_PRODUCTS_DIR; };
		AAF76061246B818F002F6F1D /* TMComicUITests.swift */ = {isa = PBXFileReference; lastKnownFileType = sourcecode.swift; path = TMComicUITests.swift; sourceTree = "<group>"; };
		AAF76063246B818F002F6F1D /* Info.plist */ = {isa = PBXFileReference; lastKnownFileType = text.plist.xml; path = Info.plist; sourceTree = "<group>"; };
/* End PBXFileReference section */

/* Begin PBXFrameworksBuildPhase section */
		AAF76039246B818E002F6F1D /* Frameworks */ = {
			isa = PBXFrameworksBuildPhase;
			buildActionMask = 2147483647;
			files = (
			);
			runOnlyForDeploymentPostprocessing = 0;
		};
		AAF7604F246B818F002F6F1D /* Frameworks */ = {
			isa = PBXFrameworksBuildPhase;
			buildActionMask = 2147483647;
			files = (
			);
			runOnlyForDeploymentPostprocessing = 0;
		};
		AAF7605A246B818F002F6F1D /* Frameworks */ = {
			isa = PBXFrameworksBuildPhase;
			buildActionMask = 2147483647;
			files = (
			);
			runOnlyForDeploymentPostprocessing = 0;
		};
/* End PBXFrameworksBuildPhase section */

/* Begin PBXGroup section */
		AAF76033246B818E002F6F1D = {
			isa = PBXGroup;
			children = (
				AAF7603E246B818E002F6F1D /* TMComic */,
				AAF76055246B818F002F6F1D /* TMComicTests */,
				AAF76060246B818F002F6F1D /* TMComicUITests */,
				AAF7603D246B818E002F6F1D /* Products */,
			);
			sourceTree = "<group>";
		};
		AAF7603D246B818E002F6F1D /* Products */ = {
			isa = PBXGroup;
			children = (
				AAF7603C246B818E002F6F1D /* TMComic.app */,
				AAF76052246B818F002F6F1D /* TMComicTests.xctest */,
				AAF7605D246B818F002F6F1D /* TMComicUITests.xctest */,
			);
			name = Products;
			sourceTree = "<group>";
		};
		AAF7603E246B818E002F6F1D /* TMComic */ = {
			isa = PBXGroup;
			children = (
				AAF7603F246B818E002F6F1D /* AppDelegate.swift */,
				AAF76041246B818E002F6F1D /* SceneDelegate.swift */,
				AAF76043246B818E002F6F1D /* ViewController.swift */,
				AAF76045246B818E002F6F1D /* Main.storyboard */,
				AAF76048246B818F002F6F1D /* Assets.xcassets */,
				AAF7604A246B818F002F6F1D /* LaunchScreen.storyboard */,
				AAF7604D246B818F002F6F1D /* Info.plist */,
			);
			path = TMComic;
			sourceTree = "<group>";
		};
		AAF76055246B818F002F6F1D /* TMComicTests */ = {
			isa = PBXGroup;
			children = (
				AAF76056246B818F002F6F1D /* TMComicTests.swift */,
				AAF76058246B818F002F6F1D /* Info.plist */,
			);
			path = TMComicTests;
			sourceTree = "<group>";
		};
		AAF76060246B818F002F6F1D /* TMComicUITests */ = {
			isa = PBXGroup;
			children = (
				AAF76061246B818F002F6F1D /* TMComicUITests.swift */,
				AAF76063246B818F002F6F1D /* Info.plist */,
			);
			path = TMComicUITests;
			sourceTree = "<group>";
		};
/* End PBXGroup section */

/* Begin PBXNativeTarget section */
		AAF7603B246B818E002F6F1D /* TMComic */ = {
			isa = PBXNativeTarget;
			buildConfigurationList = AAF76066246B818F002F6F1D /* Build configuration list for PBXNativeTarget "TMComic" */;
			buildPhases = (
				AAF76038246B818E002F6F1D /* Sources */,
				AAF76039246B818E002F6F1D /* Frameworks */,
				AAF7603A246B818E002F6F1D /* Resources */,
			);
			buildRules = (
			);
			dependencies = (
			);
			name = TMComic;
			productName = TMComic;
			productReference = AAF7603C246B818E002F6F1D /* TMComic.app */;
			productType = "com.apple.product-type.application";
		};
		AAF76051246B818F002F6F1D /* TMComicTests */ = {
			isa = PBXNativeTarget;
			buildConfigurationList = AAF76069246B818F002F6F1D /* Build configuration list for PBXNativeTarget "TMComicTests" */;
			buildPhases = (
				AAF7604E246B818F002F6F1D /* Sources */,
				AAF7604F246B818F002F6F1D /* Frameworks */,
				AAF76050246B818F002F6F1D /* Resources */,
			);
			buildRules = (
			);
			dependencies = (
				AAF76054246B818F002F6F1D /* PBXTargetDependency */,
			);
			name = TMComicTests;
			productName = TMComicTests;
			productReference = AAF76052246B818F002F6F1D /* TMComicTests.xctest */;
			productType = "com.apple.product-type.bundle.unit-test";
		};
		AAF7605C246B818F002F6F1D /* TMComicUITests */ = {
			isa = PBXNativeTarget;
			buildConfigurationList = AAF7606C246B818F002F6F1D /* Build configuration list for PBXNativeTarget "TMComicUITests" */;
			buildPhases = (
				AAF76059246B818F002F6F1D /* Sources */,
				AAF7605A246B818F002F6F1D /* Frameworks */,
				AAF7605B246B818F002F6F1D /* Resources */,
			);
			buildRules = (
			);
			dependencies = (
				AAF7605F246B818F002F6F1D /* PBXTargetDependency */,
			);
			name = TMComicUITests;
			productName = TMComicUITests;
			productReference = AAF7605D246B818F002F6F1D /* TMComicUITests.xctest */;
			productType = "com.apple.product-type.bundle.ui-testing";
		};
/* End PBXNativeTarget section */

/* Begin PBXProject section */
		AAF76034246B818E002F6F1D /* Project object */ = {
			isa = PBXProject;
			attributes = {
				LastSwiftUpdateCheck = 1120;
				LastUpgradeCheck = 1120;
				ORGANIZATIONNAME = mrstock;
				TargetAttributes = {
					AAF7603B246B818E002F6F1D = {
						CreatedOnToolsVersion = 11.2.1;
					};
					AAF76051246B818F002F6F1D = {
						CreatedOnToolsVersion = 11.2.1;
						TestTargetID = AAF7603B246B818E002F6F1D;
					};
					AAF7605C246B818F002F6F1D = {
						CreatedOnToolsVersion = 11.2.1;
						TestTargetID = AAF7603B246B818E002F6F1D;
					};
				};
			};
			buildConfigurationList = AAF76037246B818E002F6F1D /* Build configuration list for PBXProject "TMComic" */;
			compatibilityVersion = "Xcode 9.3";
			developmentRegion = en;
			hasScannedForEncodings = 0;
			knownRegions = (
				en,
				Base,
			);
			mainGroup = AAF76033246B818E002F6F1D;
			productRefGroup = AAF7603D246B818E002F6F1D /* Products */;
			projectDirPath = "";
			projectRoot = "";
			targets = (
				AAF7603B246B818E002F6F1D /* TMComic */,
				AAF76051246B818F002F6F1D /* TMComicTests */,
				AAF7605C246B818F002F6F1D /* TMComicUITests */,
			);
		};
/* End PBXProject section */

/* Begin PBXResourcesBuildPhase section */
		AAF7603A246B818E002F6F1D /* Resources */ = {
			isa = PBXResourcesBuildPhase;
			buildActionMask = 2147483647;
			files = (
				AAF7604C246B818F002F6F1D /* LaunchScreen.storyboard in Resources */,
				AAF76049246B818F002F6F1D /* Assets.xcassets in Resources */,
				AAF76047246B818E002F6F1D /* Main.storyboard in Resources */,
			);
			runOnlyForDeploymentPostprocessing = 0;
		};
		AAF76050246B818F002F6F1D /* Resources */ = {
			isa = PBXResourcesBuildPhase;
			buildActionMask = 2147483647;
			files = (
			);
			runOnlyForDeploymentPostprocessing = 0;
		};
		AAF7605B246B818F002F6F1D /* Resources */ = {
			isa = PBXResourcesBuildPhase;
			buildActionMask = 2147483647;
			files = (
			);
			runOnlyForDeploymentPostprocessing = 0;
		};
/* End PBXResourcesBuildPhase section */

/* Begin PBXSourcesBuildPhase section */
		AAF76038246B818E002F6F1D /* Sources */ = {
			isa = PBXSourcesBuildPhase;
			buildActionMask = 2147483647;
			files = (
				AAF76044246B818E002F6F1D /* ViewController.swift in Sources */,
				AAF76040246B818E002F6F1D /* AppDelegate.swift in Sources */,
				AAF76042246B818E002F6F1D /* SceneDelegate.swift in Sources */,
			);
			runOnlyForDeploymentPostprocessing = 0;
		};
		AAF7604E246B818F002F6F1D /* Sources */ = {
			isa = PBXSourcesBuildPhase;
			buildActionMask = 2147483647;
			files = (
				AAF76057246B818F002F6F1D /* TMComicTests.swift in Sources */,
			);
			runOnlyForDeploymentPostprocessing = 0;
		};
		AAF76059246B818F002F6F1D /* Sources */ = {
			isa = PBXSourcesBuildPhase;
			buildActionMask = 2147483647;
			files = (
				AAF76062246B818F002F6F1D /* TMComicUITests.swift in Sources */,
			);
			runOnlyForDeploymentPostprocessing = 0;
		};
/* End PBXSourcesBuildPhase section */

/* Begin PBXTargetDependency section */
		AAF76054246B818F002F6F1D /* PBXTargetDependency */ = {
			isa = PBXTargetDependency;
			target = AAF7603B246B818E002F6F1D /* TMComic */;
			targetProxy = AAF76053246B818F002F6F1D /* PBXContainerItemProxy */;
		};
		AAF7605F246B818F002F6F1D /* PBXTargetDependency */ = {
			isa = PBXTargetDependency;
			target = AAF7603B246B818E002F6F1D /* TMComic */;
			targetProxy = AAF7605E246B818F002F6F1D /* PBXContainerItemProxy */;
		};
/* End PBXTargetDependency section */

/* Begin PBXVariantGroup section */
		AAF76045246B818E002F6F1D /* Main.storyboard */ = {
			isa = PBXVariantGroup;
			children = (
				AAF76046246B818E002F6F1D /* Base */,
			);
			name = Main.storyboard;
			sourceTree = "<group>";
		};
		AAF7604A246B818F002F6F1D /* LaunchScreen.storyboard */ = {
			isa = PBXVariantGroup;
			children = (
				AAF7604B246B818F002F6F1D /* Base */,
			);
			name = LaunchScreen.storyboard;
			sourceTree = "<group>";
		};
/* End PBXVariantGroup section */

/* Begin XCBuildConfiguration section */
		AAF76064246B818F002F6F1D /* Debug */ = {
			isa = XCBuildConfiguration;
			buildSettings = {
				ALWAYS_SEARCH_USER_PATHS = NO;
				CLANG_ANALYZER_NONNULL = YES;
				CLANG_ANALYZER_NUMBER_OBJECT_CONVERSION = YES_AGGRESSIVE;
				CLANG_CXX_LANGUAGE_STANDARD = "gnu++14";
				CLANG_CXX_LIBRARY = "libc++";
				CLANG_ENABLE_MODULES = YES;
				CLANG_ENABLE_OBJC_ARC = YES;
				CLANG_ENABLE_OBJC_WEAK = YES;
				CLANG_WARN_BLOCK_CAPTURE_AUTORELEASING = YES;
				CLANG_WARN_BOOL_CONVERSION = YES;
				CLANG_WARN_COMMA = YES;
				CLANG_WARN_CONSTANT_CONVERSION = YES;
				CLANG_WARN_DEPRECATED_OBJC_IMPLEMENTATIONS = YES;
				CLANG_WARN_DIRECT_OBJC_ISA_USAGE = YES_ERROR;
				CLANG_WARN_DOCUMENTATION_COMMENTS = YES;
				CLANG_WARN_EMPTY_BODY = YES;
				CLANG_WARN_ENUM_CONVERSION = YES;
				CLANG_WARN_INFINITE_RECURSION = YES;
				CLANG_WARN_INT_CONVERSION = YES;
				CLANG_WARN_NON_LITERAL_NULL_CONVERSION = YES;
				CLANG_WARN_OBJC_IMPLICIT_RETAIN_SELF = YES;
				CLANG_WARN_OBJC_LITERAL_CONVERSION = YES;
				CLANG_WARN_OBJC_ROOT_CLASS = YES_ERROR;
				CLANG_WARN_RANGE_LOOP_ANALYSIS = YES;
				CLANG_WARN_STRICT_PROTOTYPES = YES;
				CLANG_WARN_SUSPICIOUS_MOVE = YES;
				CLANG_WARN_UNGUARDED_AVAILABILITY = YES_AGGRESSIVE;
				CLANG_WARN_UNREACHABLE_CODE = YES;
				CLANG_WARN__DUPLICATE_METHOD_MATCH = YES;
				COPY_PHASE_STRIP = NO;
				DEBUG_INFORMATION_FORMAT = dwarf;
				ENABLE_STRICT_OBJC_MSGSEND = YES;
				ENABLE_TESTABILITY = YES;
				GCC_C_LANGUAGE_STANDARD = gnu11;
				GCC_DYNAMIC_NO_PIC = NO;
				GCC_NO_COMMON_BLOCKS = YES;
				GCC_OPTIMIZATION_LEVEL = 0;
				GCC_PREPROCESSOR_DEFINITIONS = (
					"DEBUG=1",
					"$(inherited)",
				);
				GCC_WARN_64_TO_32_BIT_CONVERSION = YES;
				GCC_WARN_ABOUT_RETURN_TYPE = YES_ERROR;
				GCC_WARN_UNDECLARED_SELECTOR = YES;
				GCC_WARN_UNINITIALIZED_AUTOS = YES_AGGRESSIVE;
				GCC_WARN_UNUSED_FUNCTION = YES;
				GCC_WARN_UNUSED_VARIABLE = YES;
				IPHONEOS_DEPLOYMENT_TARGET = 13.2;
				MTL_ENABLE_DEBUG_INFO = INCLUDE_SOURCE;
				MTL_FAST_MATH = YES;
				ONLY_ACTIVE_ARCH = YES;
				SDKROOT = iphoneos;
				SWIFT_ACTIVE_COMPILATION_CONDITIONS = DEBUG;
				SWIFT_OPTIMIZATION_LEVEL = "-Onone";
			};
			name = Debug;
		};
		AAF76065246B818F002F6F1D /* Release */ = {
			isa = XCBuildConfiguration;
			buildSettings = {
				ALWAYS_SEARCH_USER_PATHS = NO;
				CLANG_ANALYZER_NONNULL = YES;
				CLANG_ANALYZER_NUMBER_OBJECT_CONVERSION = YES_AGGRESSIVE;
				CLANG_CXX_LANGUAGE_STANDARD = "gnu++14";
				CLANG_CXX_LIBRARY = "libc++";
				CLANG_ENABLE_MODULES = YES;
				CLANG_ENABLE_OBJC_ARC = YES;
				CLANG_ENABLE_OBJC_WEAK = YES;
				CLANG_WARN_BLOCK_CAPTURE_AUTORELEASING = YES;
				CLANG_WARN_BOOL_CONVERSION = YES;
				CLANG_WARN_COMMA = YES;
				CLANG_WARN_CONSTANT_CONVERSION = YES;
				CLANG_WARN_DEPRECATED_OBJC_IMPLEMENTATIONS = YES;
				CLANG_WARN_DIRECT_OBJC_ISA_USAGE = YES_ERROR;
				CLANG_WARN_DOCUMENTATION_COMMENTS = YES;
				CLANG_WARN_EMPTY_BODY = YES;
				CLANG_WARN_ENUM_CONVERSION = YES;
				CLANG_WARN_INFINITE_RECURSION = YES;
				CLANG_WARN_INT_CONVERSION = YES;
				CLANG_WARN_NON_LITERAL_NULL_CONVERSION = YES;
				CLANG_WARN_OBJC_IMPLICIT_RETAIN_SELF = YES;
				CLANG_WARN_OBJC_LITERAL_CONVERSION = YES;
				CLANG_WARN_OBJC_ROOT_CLASS = YES_ERROR;
				CLANG_WARN_RANGE_LOOP_ANALYSIS = YES;
				CLANG_WARN_STRICT_PROTOTYPES = YES;
				CLANG_WARN_SUSPICIOUS_MOVE = YES;
				CLANG_WARN_UNGUARDED_AVAILABILITY = YES_AGGRESSIVE;
				CLANG_WARN_UNREACHABLE_CODE = YES;
				CLANG_WARN__DUPLICATE_METHOD_MATCH = YES;
				COPY_PHASE_STRIP = NO;
				DEBUG_INFORMATION_FORMAT = "dwarf-with-dsym";
				ENABLE_NS_ASSERTIONS = NO;
				ENABLE_STRICT_OBJC_MSGSEND = YES;
				GCC_C_LANGUAGE_STANDARD = gnu11;
				GCC_NO_COMMON_BLOCKS = YES;
				GCC_WARN_64_TO_32_BIT_CONVERSION = YES;
				GCC_WARN_ABOUT_RETURN_TYPE = YES_ERROR;
				GCC_WARN_UNDECLARED_SELECTOR = YES;
				GCC_WARN_UNINITIALIZED_AUTOS = YES_AGGRESSIVE;
				GCC_WARN_UNUSED_FUNCTION = YES;
				GCC_WARN_UNUSED_VARIABLE = YES;
				IPHONEOS_DEPLOYMENT_TARGET = 13.2;
				MTL_ENABLE_DEBUG_INFO = NO;
				MTL_FAST_MATH = YES;
				SDKROOT = iphoneos;
				SWIFT_COMPILATION_MODE = wholemodule;
				SWIFT_OPTIMIZATION_LEVEL = "-O";
				VALIDATE_PRODUCT = YES;
			};
			name = Release;
		};
		AAF76067246B818F002F6F1D /* Debug */ = {
			isa = XCBuildConfiguration;
			buildSettings = {
				ASSETCATALOG_COMPILER_APPICON_NAME = AppIcon;
				CODE_SIGN_STYLE = Automatic;
				DEVELOPMENT_TEAM = X4634493CA;
				INFOPLIST_FILE = TMComic/Info.plist;
				IPHONEOS_DEPLOYMENT_TARGET = 10.0;
				LD_RUNPATH_SEARCH_PATHS = (
					"$(inherited)",
					"@executable_path/Frameworks",
				);
				PRODUCT_BUNDLE_IDENTIFIER = com.mrstock.TMComic;
				PRODUCT_NAME = "$(TARGET_NAME)";
				SWIFT_VERSION = 5.0;
				TARGETED_DEVICE_FAMILY = "1,2";
			};
			name = Debug;
		};
		AAF76068246B818F002F6F1D /* Release */ = {
			isa = XCBuildConfiguration;
			buildSettings = {
				ASSETCATALOG_COMPILER_APPICON_NAME = AppIcon;
				CODE_SIGN_STYLE = Automatic;
				DEVELOPMENT_TEAM = X4634493CA;
				INFOPLIST_FILE = TMComic/Info.plist;
				IPHONEOS_DEPLOYMENT_TARGET = 10.0;
				LD_RUNPATH_SEARCH_PATHS = (
					"$(inherited)",
					"@executable_path/Frameworks",
				);
				PRODUCT_BUNDLE_IDENTIFIER = com.mrstock.TMComic;
				PRODUCT_NAME = "$(TARGET_NAME)";
				SWIFT_VERSION = 5.0;
				TARGETED_DEVICE_FAMILY = "1,2";
			};
			name = Release;
		};
		AAF7606A246B818F002F6F1D /* Debug */ = {
			isa = XCBuildConfiguration;
			buildSettings = {
				ALWAYS_EMBED_SWIFT_STANDARD_LIBRARIES = YES;
				BUNDLE_LOADER = "$(TEST_HOST)";
				CODE_SIGN_STYLE = Automatic;
				DEVELOPMENT_TEAM = X4634493CA;
				INFOPLIST_FILE = TMComicTests/Info.plist;
				IPHONEOS_DEPLOYMENT_TARGET = 13.2;
				LD_RUNPATH_SEARCH_PATHS = (
					"$(inherited)",
					"@executable_path/Frameworks",
					"@loader_path/Frameworks",
				);
				PRODUCT_BUNDLE_IDENTIFIER = com.mrstock.TMComicTests;
				PRODUCT_NAME = "$(TARGET_NAME)";
				SWIFT_VERSION = 5.0;
				TARGETED_DEVICE_FAMILY = "1,2";
				TEST_HOST = "$(BUILT_PRODUCTS_DIR)/TMComic.app/TMComic";
			};
			name = Debug;
		};
		AAF7606B246B818F002F6F1D /* Release */ = {
			isa = XCBuildConfiguration;
			buildSettings = {
				ALWAYS_EMBED_SWIFT_STANDARD_LIBRARIES = YES;
				BUNDLE_LOADER = "$(TEST_HOST)";
				CODE_SIGN_STYLE = Automatic;
				DEVELOPMENT_TEAM = X4634493CA;
				INFOPLIST_FILE = TMComicTests/Info.plist;
				IPHONEOS_DEPLOYMENT_TARGET = 13.2;
				LD_RUNPATH_SEARCH_PATHS = (
					"$(inherited)",
					"@executable_path/Frameworks",
					"@loader_path/Frameworks",
				);
				PRODUCT_BUNDLE_IDENTIFIER = com.mrstock.TMComicTests;
				PRODUCT_NAME = "$(TARGET_NAME)";
				SWIFT_VERSION = 5.0;
				TARGETED_DEVICE_FAMILY = "1,2";
				TEST_HOST = "$(BUILT_PRODUCTS_DIR)/TMComic.app/TMComic";
			};
			name = Release;
		};
		AAF7606D246B818F002F6F1D /* Debug */ = {
			isa = XCBuildConfiguration;
			buildSettings = {
				ALWAYS_EMBED_SWIFT_STANDARD_LIBRARIES = YES;
				CODE_SIGN_STYLE = Automatic;
				DEVELOPMENT_TEAM = X4634493CA;
				INFOPLIST_FILE = TMComicUITests/Info.plist;
				LD_RUNPATH_SEARCH_PATHS = (
					"$(inherited)",
					"@executable_path/Frameworks",
					"@loader_path/Frameworks",
				);
				PRODUCT_BUNDLE_IDENTIFIER = com.mrstock.TMComicUITests;
				PRODUCT_NAME = "$(TARGET_NAME)";
				SWIFT_VERSION = 5.0;
				TARGETED_DEVICE_FAMILY = "1,2";
				TEST_TARGET_NAME = TMComic;
			};
			name = Debug;
		};
		AAF7606E246B818F002F6F1D /* Release */ = {
			isa = XCBuildConfiguration;
			buildSettings = {
				ALWAYS_EMBED_SWIFT_STANDARD_LIBRARIES = YES;
				CODE_SIGN_STYLE = Automatic;
				DEVELOPMENT_TEAM = X4634493CA;
				INFOPLIST_FILE = TMComicUITests/Info.plist;
				LD_RUNPATH_SEARCH_PATHS = (
					"$(inherited)",
					"@executable_path/Frameworks",
					"@loader_path/Frameworks",
				);
				PRODUCT_BUNDLE_IDENTIFIER = com.mrstock.TMComicUITests;
				PRODUCT_NAME = "$(TARGET_NAME)";
				SWIFT_VERSION = 5.0;
				TARGETED_DEVICE_FAMILY = "1,2";
				TEST_TARGET_NAME = TMComic;
			};
			name = Release;
		};
/* End XCBuildConfiguration section */

/* Begin XCConfigurationList section */
		AAF76037246B818E002F6F1D /* Build configuration list for PBXProject "TMComic" */ = {
			isa = XCConfigurationList;
			buildConfigurations = (
				AAF76064246B818F002F6F1D /* Debug */,
				AAF76065246B818F002F6F1D /* Release */,
			);
			defaultConfigurationIsVisible = 0;
			defaultConfigurationName = Release;
		};
		AAF76066246B818F002F6F1D /* Build configuration list for PBXNativeTarget "TMComic" */ = {
			isa = XCConfigurationList;
			buildConfigurations = (
				AAF76067246B818F002F6F1D /* Debug */,
				AAF76068246B818F002F6F1D /* Release */,
			);
			defaultConfigurationIsVisible = 0;
			defaultConfigurationName = Release;
		};
		AAF76069246B818F002F6F1D /* Build configuration list for PBXNativeTarget "TMComicTests" */ = {
			isa = XCConfigurationList;
			buildConfigurations = (
				AAF7606A246B818F002F6F1D /* Debug */,
				AAF7606B246B818F002F6F1D /* Release */,
			);
			defaultConfigurationIsVisible = 0;
			defaultConfigurationName = Release;
		};
		AAF7606C246B818F002F6F1D /* Build configuration list for PBXNativeTarget "TMComicUITests" */ = {
			isa = XCConfigurationList;
			buildConfigurations = (
				AAF7606D246B818F002F6F1D /* Debug */,
				AAF7606E246B818F002F6F1D /* Release */,
			);
			defaultConfigurationIsVisible = 0;
			defaultConfigurationName = Release;
		};
/* End XCConfigurationList section */
	};
	rootObject = AAF76034246B818E002F6F1D /* Project object */;
}
